# @generated - this file is auto-generated by `mise lock` https://mise.jdx.dev/dev-tools/mise-lock.html

[[tools.delta]]
version = "0.19.2"
backend = "aqua:dandavison/delta"

[[tools.ghq]]
version = "1.10.1"
backend = "aqua:x-motemen/ghq"

[[tools.herdr]]
version = "0.8.0"
backend = "aqua:herdrdev/herdr"

[[tools.lazydocker]]
version = "0.25.2"
backend = "aqua:jesseduffield/lazydocker"

[[tools.lazygit]]
version = "0.64.0"
backend = "aqua:jesseduffield/lazygit"

[[tools.neovim]]
version = "0.12.4"
backend = "vfox:mise-plugins/vfox-neovim"

[[tools.node]]
version = "24.19.0"
backend = "core:node"

[[tools.starship]]
version = "1.26.0"
backend = "aqua:starship/starship"
